{
  "version": 4,
  "terraform_version": "1.2.1",
  "serial": 10,
  "lineage": "e598dab8-21dc-beac-3854-e7252ef010b4",
  "outputs": {
    "vpc-id": {
      "value": "vpc-0af4696ca078fcdf7",
      "type": "string"
    }
  },
  "resources": [
    {
      "mode": "managed",
      "type": "aws_vpc",
      "name": "Exercise-vpc",
      "provider": "provider[\"registry.terraform.io/hashicorp/aws\"]",
      "instances": [
        {
          "schema_version": 1,
          "attributes": {
            "arn": "arn:aws:ec2:eu-west-2:733263127578:vpc/vpc-0af4696ca078fcdf7",
            "assign_generated_ipv6_cidr_block": false,
            "cidr_block": "10.0.0.0/16",
            "default_network_acl_id": "acl-09c59115056635c44",
            "default_route_table_id": "rtb-0db298249ac2d2831",
            "default_security_group_id": "sg-07f3edc5b2265ed1f",
            "dhcp_options_id": "dopt-0c323dd7418fe0f2c",
            "enable_classiclink": false,
            "enable_classiclink_dns_support": false,
            "enable_dns_hostnames": false,
            "enable_dns_support": true,
            "id": "vpc-0af4696ca078fcdf7",
            "instance_tenancy": "default",
            "ipv4_ipam_pool_id": null,
            "ipv4_netmask_length": null,
            "ipv6_association_id": "",
            "ipv6_cidr_block": "",
            "ipv6_cidr_block_network_border_group": "",
            "ipv6_ipam_pool_id": "",
            "ipv6_netmask_length": 0,
            "main_route_table_id": "rtb-0db298249ac2d2831",
            "owner_id": "733263127578",
            "tags": {
              "Name": "Exercise-vpc"
            },
            "tags_all": {
              "Name": "Exercise-vpc"
            }
          },
          "sensitive_attributes": [],
          "private": "eyJzY2hlbWFfdmVyc2lvbiI6IjEifQ=="
        }
      ]
    }
  ]
}
